
Microsoft Visual Studio Solution File, Format Version 12.00
# Visual Studio Version 17
VisualStudioVersion = 17.8.34330.188
MinimumVisualStudioVersion = 10.0.40219.1
Project("{FAE04EC0-301F-11D3-BF4B-00C04F79EFBC}") = "ScreenSaverWinForms", "ScreenSaverWinForms\ScreenSaverWinForms.csproj", "{3B9BDBF5-69AB-415E-9FC6-CA37A54C5938}"
EndProject
Global
	GlobalSection(SolutionConfigurationPlatforms) = preSolution
		Debug|Any CPU = Debug|Any CPU
		Release|Any CPU = Release|Any CPU
	EndGlobalSection
	GlobalSection(ProjectConfigurationPlatforms) = postSolution
		{3B9BDBF5-69AB-415E-9FC6-CA37A54C5938}.Debug|Any CPU.ActiveCfg = Debug|Any CPU
		{3B9BDBF5-69AB-415E-9FC6-CA37A54C5938}.Debug|Any CPU.Build.0 = Debug|Any CPU
		{3B9BDBF5-69AB-415E-9FC6-CA37A54C5938}.Release|Any CPU.ActiveCfg = Release|Any CPU
		{3B9BDBF5-69AB-415E-9FC6-CA37A54C5938}.Release|Any CPU.Build.0 = Release|Any CPU
	EndGlobalSection
	GlobalSection(SolutionProperties) = preSolution
		HideSolutionNode = FALSE
	EndGlobalSection
	GlobalSection(ExtensibilityGlobals) = postSolution
		SolutionGuid = {0E8A3384-B5F8-457A-AE66-C99F6A0E7F2F}
	EndGlobalSection
EndGlobal
