
Microsoft Visual Studio Solution File, Format Version 12.00
# Visual Studio Version 17
VisualStudioVersion = 17.8.34330.188
MinimumVisualStudioVersion = 10.0.40219.1
Project("{FAE04EC0-301F-11D3-BF4B-00C04F79EFBC}") = "ScreenSaverWindowsForms", "ScreenSaverWindowsForms\ScreenSaverWindowsForms.csproj", "{CA6BB3F5-E625-4CA9-9F96-E491AD9DC96B}"
EndProject
Global
	GlobalSection(SolutionConfigurationPlatforms) = preSolution
		Debug|Any CPU = Debug|Any CPU
		Release|Any CPU = Release|Any CPU
	EndGlobalSection
	GlobalSection(ProjectConfigurationPlatforms) = postSolution
		{CA6BB3F5-E625-4CA9-9F96-E491AD9DC96B}.Debug|Any CPU.ActiveCfg = Debug|Any CPU
		{CA6BB3F5-E625-4CA9-9F96-E491AD9DC96B}.Debug|Any CPU.Build.0 = Debug|Any CPU
		{CA6BB3F5-E625-4CA9-9F96-E491AD9DC96B}.Release|Any CPU.ActiveCfg = Release|Any CPU
		{CA6BB3F5-E625-4CA9-9F96-E491AD9DC96B}.Release|Any CPU.Build.0 = Release|Any CPU
	EndGlobalSection
	GlobalSection(SolutionProperties) = preSolution
		HideSolutionNode = FALSE
	EndGlobalSection
	GlobalSection(ExtensibilityGlobals) = postSolution
		SolutionGuid = {FD9955B6-55F8-4825-80B9-C4DAA660D26D}
	EndGlobalSection
EndGlobal
